
Microsoft Visual Studio Solution File, Format Version 12.00
# Visual Studio Version 16
VisualStudioVersion = 16.0.31729.503
MinimumVisualStudioVersion = 10.0.40219.1
Project("{FAE04EC0-301F-11D3-BF4B-00C04F79EFBC}") = "MongoDBRideTest", "MongoDBRideTest\MongoDBRideTest.csproj", "{5EA577F2-F740-48E9-894E-C4164A55D8A4}"
EndProject
Global
	GlobalSection(SolutionConfigurationPlatforms) = preSolution
		Debug|Any CPU = Debug|Any CPU
		Release|Any CPU = Release|Any CPU
	EndGlobalSection
	GlobalSection(ProjectConfigurationPlatforms) = postSolution
		{5EA577F2-F740-48E9-894E-C4164A55D8A4}.Debug|Any CPU.ActiveCfg = Debug|Any CPU
		{5EA577F2-F740-48E9-894E-C4164A55D8A4}.Debug|Any CPU.Build.0 = Debug|Any CPU
		{5EA577F2-F740-48E9-894E-C4164A55D8A4}.Release|Any CPU.ActiveCfg = Release|Any CPU
		{5EA577F2-F740-48E9-894E-C4164A55D8A4}.Release|Any CPU.Build.0 = Release|Any CPU
	EndGlobalSection
	GlobalSection(SolutionProperties) = preSolution
		HideSolutionNode = FALSE
	EndGlobalSection
	GlobalSection(ExtensibilityGlobals) = postSolution
		SolutionGuid = {95A34880-CD2A-4694-B9CA-38D271D96B11}
	EndGlobalSection
EndGlobal
